github.com/docker/docker v23.0.0+incompatible h1:L6c28tNyqZ4/ub9AZC9d5QUuunoHHfEH4/Ue+h/E5nE=
github.com/docker/docker v23.0.0+incompatible/go.mod h1:eEKB0N0r5NX/I1kEveEz05bcu8tLC/8azJZsviup8Sk=
github.com/docker/docker-credential-helpers v0.7.0 h1:xtCHsjxogADNZcdv1pKUHXryefjlVRqWqIhk/uXJp0A=
github.com/docker/docker-credential-helpers v0.7.0/go.mod h1:rETQfLdHNT3foU5kuNkFR1R1V12OJRRO5lzt2D1b5X0=
